
Microsoft Visual Studio Solution File, Format Version 12.00
# Visual Studio 15
VisualStudioVersion = 15.0.28307.1062
MinimumVisualStudioVersion = 10.0.40219.1
Project("{FAE04EC0-301F-11D3-BF4B-00C04F79EFBC}") = "somersby", "somersby.csproj", "{5F8ACA88-2533-4532-BB61-0F2BF1508998}"
EndProject
Project("{FAE04EC0-301F-11D3-BF4B-00C04F79EFBC}") = "somersytest", "somersytest\somersytest.csproj", "{D310250C-06CE-4B63-B4B3-8456EE6F4E7D}"
EndProject
Project("{FAE04EC0-301F-11D3-BF4B-00C04F79EFBC}") = "emailmanagertest", "..\emailmanager\emailmanagertest.csproj", "{7BABF825-AB56-47B7-ACA8-0CAC6F3D9F6F}"
EndProject
Global
	GlobalSection(SolutionConfigurationPlatforms) = preSolution
		Debug|Any CPU = Debug|Any CPU
		Release|Any CPU = Release|Any CPU
	EndGlobalSection
	GlobalSection(ProjectConfigurationPlatforms) = postSolution
		{5F8ACA88-2533-4532-BB61-0F2BF1508998}.Debug|Any CPU.ActiveCfg = Debug|Any CPU
		{5F8ACA88-2533-4532-BB61-0F2BF1508998}.Debug|Any CPU.Build.0 = Debug|Any CPU
		{5F8ACA88-2533-4532-BB61-0F2BF1508998}.Release|Any CPU.ActiveCfg = Release|Any CPU
		{5F8ACA88-2533-4532-BB61-0F2BF1508998}.Release|Any CPU.Build.0 = Release|Any CPU
		{D310250C-06CE-4B63-B4B3-8456EE6F4E7D}.Debug|Any CPU.ActiveCfg = Debug|Any CPU
		{D310250C-06CE-4B63-B4B3-8456EE6F4E7D}.Debug|Any CPU.Build.0 = Debug|Any CPU
		{D310250C-06CE-4B63-B4B3-8456EE6F4E7D}.Release|Any CPU.ActiveCfg = Release|Any CPU
		{D310250C-06CE-4B63-B4B3-8456EE6F4E7D}.Release|Any CPU.Build.0 = Release|Any CPU
		{7BABF825-AB56-47B7-ACA8-0CAC6F3D9F6F}.Debug|Any CPU.ActiveCfg = Debug|Any CPU
		{7BABF825-AB56-47B7-ACA8-0CAC6F3D9F6F}.Debug|Any CPU.Build.0 = Debug|Any CPU
		{7BABF825-AB56-47B7-ACA8-0CAC6F3D9F6F}.Release|Any CPU.ActiveCfg = Release|Any CPU
		{7BABF825-AB56-47B7-ACA8-0CAC6F3D9F6F}.Release|Any CPU.Build.0 = Release|Any CPU
	EndGlobalSection
	GlobalSection(SolutionProperties) = preSolution
		HideSolutionNode = FALSE
	EndGlobalSection
	GlobalSection(ExtensibilityGlobals) = postSolution
		SolutionGuid = {C5D2A012-88AC-4512-B08A-6ECCF9FAB8DC}
	EndGlobalSection
EndGlobal
